dependencies:
  espressif/eppp_link:
    component_hash: 
      07db13a39e28c52b7aa50bc4d7fe82b078297c1be578713138c5e818bcd7d149
    dependencies:
    - name: espressif/esp_serial_slave_link
      registry_url: https://components.espressif.com
      require: private
      version: ^1.1.0
    - name: idf
      require: private
      version: '>=5.2'
    source:
      registry_url: https://components.espressif.com
      type: service
    version: 1.0.1
  espressif/esp_hosted:
    component_hash: 
      e53b0124cab9dcfa465cb1ef8e2295f44c8bb229ffe9d5423e4f7ea91c0097a5
    dependencies:
    - name: idf
      require: private
      version: '>=5.3'
    source:
      registry_url: https://components.espressif.com/
      type: service
    version: 2.3.1
  espressif/esp_serial_slave_link:
    component_hash: 
      d8c13c033a7604e9333b5d8ea45e0d6fec908fd552df7db20d33dd8d6916528d
    dependencies:
    - name: idf
      require: private
      version: '>=5.0'
    source:
      registry_url: https://components.espressif.com
      type: service
    version: 1.1.0~1
  espressif/esp_wifi_remote:
    component_hash: 
      106afa5fff41463040ced78ab44c218f591e0c8eaf80172a02b539f3b5008071
    dependencies:
    - name: espressif/esp_hosted
      registry_url: https://components.espressif.com
      require: private
      rules:
      - if: target in [esp32h2, esp32p4]
      version: '>=0.0.6'
    - name: espressif/wifi_remote_over_eppp
      registry_url: https://components.espressif.com
      require: private
      version: '>=0.1'
    - name: idf
      require: private
      version: '>=5.3'
    source:
      registry_url: https://components.espressif.com/
      type: service
    version: 0.16.1
  espressif/wifi_remote_over_eppp:
    component_hash: 
      3768ca9b0409cd963a72920336febac7bb7d14c2ccd73e9ddd3925ceaa3b9f15
    dependencies:
    - name: espressif/eppp_link
      registry_url: https://components.espressif.com
      require: private
      version: '>=0.1'
    - name: idf
      require: private
      version: '>=5.3'
    source:
      registry_url: https://components.espressif.com
      type: service
    version: 0.1.4
  idf:
    source:
      type: idf
    version: 5.5.0
direct_dependencies:
- espressif/esp_hosted
- espressif/esp_wifi_remote
manifest_hash: 09048a42d4694d2188321490b41a8302644f975095d6ca12ee2a153ffb8f7c08
target: esp32p4
version: 2.0.0
